version = 1
revision = 3
requires-python = ">=3.12"

[[package]]
name = "paq-test-import"
version = "0.1.0"
source = { virtual = "." }
dependencies = [
    { name = "requests" },
]

[package.metadata]
requires-dist = [{ name = "requests", specifier = ">=2.5.4.1" }]

[[package]]
name = "requests"
version = "2.5.4.1"
source = { registry = "https://test.pypi.org/simple/" }
sdist = { url = "https://test-files.pythonhosted.org/packages/6e/93/638dbb5f2c1f4120edaad4f3d45ffb1718e463733ad07d68f59e042901d6/requests-2.5.4.1.tar.gz", hash = "sha256:b19df51fa3e52a2bd7fc80a1ac11fb6b2f51a7c0bf31ba9ff6b5d11ea8605ae9", size = 448691, upload-time = "2015-03-13T21:30:03.228Z" }
wheels = [
    { url = "https://test-files.pythonhosted.org/packages/6d/00/8ed1b6ea43b10bfe28d08e6af29fd6aa5d8dab5e45ead9394a6268a2d2ec/requests-2.5.4.1-py2.py3-none-any.whl", hash = "sha256:0a2c98e46121e7507afb0edc89d342641a1fb9e8d56f7d592d4975ee6b685f9a", size = 468942, upload-time = "2015-03-13T21:29:55.769Z" },
]
